// !$*UTF8*$!
{
	archiveVersion = 1;
	classes = {
	};
	objectVersion = 51;
	objects = {

/* Begin PBXBuildFile section */
		AB01FAB9261D8DF10005C204 /* AppDelegate.swift in Sources */ = {isa = PBXBuildFile; fileRef = AB01FAB8261D8DF10005C204 /* AppDelegate.swift */; };
		AB01FABB261D8DF10005C204 /* SceneDelegate.swift in Sources */ = {isa = PBXBuildFile; fileRef = AB01FABA261D8DF10005C204 /* SceneDelegate.swift */; };
		AB01FABD261D8DF10005C204 /* NotificationCenterViewController.swift in Sources */ = {isa = PBXBuildFile; fileRef = AB01FABC261D8DF10005C204 /* NotificationCenterViewController.swift */; };
		AB01FAC0261D8DF10005C204 /* NotificationCenter.storyboard in Resources */ = {isa = PBXBuildFile; fileRef = AB01FABE261D8DF10005C204 /* NotificationCenter.storyboard */; };
		AB01FAC2261D8DF70005C204 /* Assets.xcassets in Resources */ = {isa = PBXBuildFile; fileRef = AB01FAC1261D8DF70005C204 /* Assets.xcassets */; };
		AB01FAC5261D8DF70005C204 /* LaunchScreen.storyboard in Resources */ = {isa = PBXBuildFile; fileRef = AB01FAC3261D8DF70005C204 /* LaunchScreen.storyboard */; };
		AB01FACF261D95C10005C204 /* Top.storyboard in Resources */ = {isa = PBXBuildFile; fileRef = AB01FACE261D95C10005C204 /* Top.storyboard */; };
		AB01FAD2261D95DC0005C204 /* TopViewController.swift in Sources */ = {isa = PBXBuildFile; fileRef = AB01FAD1261D95DC0005C204 /* TopViewController.swift */; };
		AB01FAD5261D96D70005C204 /* RxSwiftViewController.swift in Sources */ = {isa = PBXBuildFile; fileRef = AB01FAD4261D96D70005C204 /* RxSwiftViewController.swift */; };
		AB01FAD9261D96ED0005C204 /* RxSwift.storyboard in Resources */ = {isa = PBXBuildFile; fileRef = AB01FAD8261D96ED0005C204 /* RxSwift.storyboard */; };
		AB01FAE1261D9B0C0005C204 /* NotificationCenterViewModel.swift in Sources */ = {isa = PBXBuildFile; fileRef = AB01FAE0261D9B0C0005C204 /* NotificationCenterViewModel.swift */; };
		AB01FAE4261D9D610005C204 /* NotificationCenterModel.swift in Sources */ = {isa = PBXBuildFile; fileRef = AB01FAE3261D9D610005C204 /* NotificationCenterModel.swift */; };
		AB01FB32261EA6580005C204 /* RxSwiftViewModel.swift in Sources */ = {isa = PBXBuildFile; fileRef = AB01FB31261EA6580005C204 /* RxSwiftViewModel.swift */; };
		AB01FB39261EA8E90005C204 /* RxSwiftModel.swift in Sources */ = {isa = PBXBuildFile; fileRef = AB01FB38261EA8E90005C204 /* RxSwiftModel.swift */; };
		AB01FB3F261EACCA0005C204 /* ModelError.swift in Sources */ = {isa = PBXBuildFile; fileRef = AB01FB3E261EACCA0005C204 /* ModelError.swift */; };
		B30D62F7554C04629BC9D49C /* Pods_MVVMNotificationCenterRxSwift.framework in Frameworks */ = {isa = PBXBuildFile; fileRef = 8B2CC187B3F788DC7A20AAA8 /* Pods_MVVMNotificationCenterRxSwift.framework */; };
/* End PBXBuildFile section */

/* Begin PBXFileReference section */
		8B2CC187B3F788DC7A20AAA8 /* Pods_MVVMNotificationCenterRxSwift.framework */ = {isa = PBXFileReference; explicitFileType = wrapper.framework; includeInIndex = 0; path = Pods_MVVMNotificationCenterRxSwift.framework; sourceTree = BUILT_PRODUCTS_DIR; };
		A3A786E7D78C40F05F444995 /* Pods-MVVMNotificationCenterRxSwift.release.xcconfig */ = {isa = PBXFileReference; includeInIndex = 1; lastKnownFileType = text.xcconfig; name = "Pods-MVVMNotificationCenterRxSwift.release.xcconfig"; path = "Target Support Files/Pods-MVVMNotificationCenterRxSwift/Pods-MVVMNotificationCenterRxSwift.release.xcconfig"; sourceTree = "<group>"; };
		AB01FAB5261D8DF10005C204 /* MVVMNotificationCenterRxSwift.app */ = {isa = PBXFileReference; explicitFileType = wrapper.application; includeInIndex = 0; path = MVVMNotificationCenterRxSwift.app; sourceTree = BUILT_PRODUCTS_DIR; };
		AB01FAB8261D8DF10005C204 /* AppDelegate.swift */ = {isa = PBXFileReference; lastKnownFileType = sourcecode.swift; path = AppDelegate.swift; sourceTree = "<group>"; };
		AB01FABA261D8DF10005C204 /* SceneDelegate.swift */ = {isa = PBXFileReference; lastKnownFileType = sourcecode.swift; path = SceneDelegate.swift; sourceTree = "<group>"; };
		AB01FABC261D8DF10005C204 /* NotificationCenterViewController.swift */ = {isa = PBXFileReference; lastKnownFileType = sourcecode.swift; path = NotificationCenterViewController.swift; sourceTree = "<group>"; };
		AB01FABF261D8DF10005C204 /* Base */ = {isa = PBXFileReference; lastKnownFileType = file.storyboard; name = Base; path = Base.lproj/NotificationCenter.storyboard; sourceTree = "<group>"; };
		AB01FAC1261D8DF70005C204 /* Assets.xcassets */ = {isa = PBXFileReference; lastKnownFileType = folder.assetcatalog; path = Assets.xcassets; sourceTree = "<group>"; };
		AB01FAC4261D8DF70005C204 /* Base */ = {isa = PBXFileReference; lastKnownFileType = file.storyboard; name = Base; path = Base.lproj/LaunchScreen.storyboard; sourceTree = "<group>"; };
		AB01FAC6261D8DF70005C204 /* Info.plist */ = {isa = PBXFileReference; lastKnownFileType = text.plist.xml; path = Info.plist; sourceTree = "<group>"; };
		AB01FACE261D95C10005C204 /* Top.storyboard */ = {isa = PBXFileReference; lastKnownFileType = file.storyboard; path = Top.storyboard; sourceTree = "<group>"; };
		AB01FAD1261D95DC0005C204 /* TopViewController.swift */ = {isa = PBXFileReference; lastKnownFileType = sourcecode.swift; path = TopViewController.swift; sourceTree = "<group>"; };
		AB01FAD4261D96D70005C204 /* RxSwiftViewController.swift */ = {isa = PBXFileReference; lastKnownFileType = sourcecode.swift; path = RxSwiftViewController.swift; sourceTree = "<group>"; };
		AB01FAD8261D96ED0005C204 /* RxSwift.storyboard */ = {isa = PBXFileReference; lastKnownFileType = file.storyboard; path = RxSwift.storyboard; sourceTree = "<group>"; };
		AB01FAE0261D9B0C0005C204 /* NotificationCenterViewModel.swift */ = {isa = PBXFileReference; lastKnownFileType = sourcecode.swift; path = NotificationCenterViewModel.swift; sourceTree = "<group>"; };
		AB01FAE3261D9D610005C204 /* NotificationCenterModel.swift */ = {isa = PBXFileReference; lastKnownFileType = sourcecode.swift; path = NotificationCenterModel.swift; sourceTree = "<group>"; };
		AB01FB31261EA6580005C204 /* RxSwiftViewModel.swift */ = {isa = PBXFileReference; lastKnownFileType = sourcecode.swift; path = RxSwiftViewModel.swift; sourceTree = "<group>"; };
		AB01FB38261EA8E90005C204 /* RxSwiftModel.swift */ = {isa = PBXFileReference; lastKnownFileType = sourcecode.swift; path = RxSwiftModel.swift; sourceTree = "<group>"; };
		AB01FB3E261EACCA0005C204 /* ModelError.swift */ = {isa = PBXFileReference; lastKnownFileType = sourcecode.swift; path = ModelError.swift; sourceTree = "<group>"; };
		DA611DA972F5A5671011B512 /* Pods-MVVMNotificationCenterRxSwift.debug.xcconfig */ = {isa = PBXFileReference; includeInIndex = 1; lastKnownFileType = text.xcconfig; name = "Pods-MVVMNotificationCenterRxSwift.debug.xcconfig"; path = "Target Support Files/Pods-MVVMNotificationCenterRxSwift/Pods-MVVMNotificationCenterRxSwift.debug.xcconfig"; sourceTree = "<group>"; };
/* End PBXFileReference section */

/* Begin PBXFrameworksBuildPhase section */
		AB01FAB2261D8DF10005C204 /* Frameworks */ = {
			isa = PBXFrameworksBuildPhase;
			buildActionMask = 2147483647;
			files = (
				B30D62F7554C04629BC9D49C /* Pods_MVVMNotificationCenterRxSwift.framework in Frameworks */,
			);
			runOnlyForDeploymentPostprocessing = 0;
		};
/* End PBXFrameworksBuildPhase section */

/* Begin PBXGroup section */
		153DF46246EB3A5E1CCE52A9 /* Pods */ = {
			isa = PBXGroup;
			children = (
				DA611DA972F5A5671011B512 /* Pods-MVVMNotificationCenterRxSwift.debug.xcconfig */,
				A3A786E7D78C40F05F444995 /* Pods-MVVMNotificationCenterRxSwift.release.xcconfig */,
			);
			path = Pods;
			sourceTree = "<group>";
		};
		AB01FAAC261D8DF10005C204 = {
			isa = PBXGroup;
			children = (
				AB01FAB7261D8DF10005C204 /* MVVMNotificationCenterRxSwift */,
				AB01FAB6261D8DF10005C204 /* Products */,
				153DF46246EB3A5E1CCE52A9 /* Pods */,
				E6E07B56AD6660DE6C711FA0 /* Frameworks */,
			);
			sourceTree = "<group>";
		};
		AB01FAB6261D8DF10005C204 /* Products */ = {
			isa = PBXGroup;
			children = (
				AB01FAB5261D8DF10005C204 /* MVVMNotificationCenterRxSwift.app */,
			);
			name = Products;
			sourceTree = "<group>";
		};
		AB01FAB7261D8DF10005C204 /* MVVMNotificationCenterRxSwift */ = {
			isa = PBXGroup;
			children = (
				AB01FB3D261EACB90005C204 /* Enums */,
				AB01FAE6261D9D6D0005C204 /* Models */,
				AB01FADE261D97990005C204 /* ViewModels */,
				AB01FADD261D97950005C204 /* Views */,
				AB01FAB8261D8DF10005C204 /* AppDelegate.swift */,
				AB01FABA261D8DF10005C204 /* SceneDelegate.swift */,
				AB01FAC1261D8DF70005C204 /* Assets.xcassets */,
				AB01FAC3261D8DF70005C204 /* LaunchScreen.storyboard */,
				AB01FAC6261D8DF70005C204 /* Info.plist */,
			);
			path = MVVMNotificationCenterRxSwift;
			sourceTree = "<group>";
		};
		AB01FADB261D97860005C204 /* Storyboards */ = {
			isa = PBXGroup;
			children = (
				AB01FACE261D95C10005C204 /* Top.storyboard */,
				AB01FABE261D8DF10005C204 /* NotificationCenter.storyboard */,
				AB01FAD8261D96ED0005C204 /* RxSwift.storyboard */,
			);
			path = Storyboards;
			sourceTree = "<group>";
		};
		AB01FADC261D978F0005C204 /* ViewControllers */ = {
			isa = PBXGroup;
			children = (
				AB01FAD1261D95DC0005C204 /* TopViewController.swift */,
				AB01FABC261D8DF10005C204 /* NotificationCenterViewController.swift */,
				AB01FAD4261D96D70005C204 /* RxSwiftViewController.swift */,
			);
			path = ViewControllers;
			sourceTree = "<group>";
		};
		AB01FADD261D97950005C204 /* Views */ = {
			isa = PBXGroup;
			children = (
				AB01FADC261D978F0005C204 /* ViewControllers */,
				AB01FADB261D97860005C204 /* Storyboards */,
			);
			path = Views;
			sourceTree = "<group>";
		};
		AB01FADE261D97990005C204 /* ViewModels */ = {
			isa = PBXGroup;
			children = (
				AB01FAE0261D9B0C0005C204 /* NotificationCenterViewModel.swift */,
				AB01FB31261EA6580005C204 /* RxSwiftViewModel.swift */,
			);
			path = ViewModels;
			sourceTree = "<group>";
		};
		AB01FAE6261D9D6D0005C204 /* Models */ = {
			isa = PBXGroup;
			children = (
				AB01FAE3261D9D610005C204 /* NotificationCenterModel.swift */,
				AB01FB38261EA8E90005C204 /* RxSwiftModel.swift */,
			);
			path = Models;
			sourceTree = "<group>";
		};
		AB01FB3D261EACB90005C204 /* Enums */ = {
			isa = PBXGroup;
			children = (
				AB01FB3E261EACCA0005C204 /* ModelError.swift */,
			);
			path = Enums;
			sourceTree = "<group>";
		};
		E6E07B56AD6660DE6C711FA0 /* Frameworks */ = {
			isa = PBXGroup;
			children = (
				8B2CC187B3F788DC7A20AAA8 /* Pods_MVVMNotificationCenterRxSwift.framework */,
			);
			name = Frameworks;
			sourceTree = "<group>";
		};
/* End PBXGroup section */

/* Begin PBXNativeTarget section */
		AB01FAB4261D8DF10005C204 /* MVVMNotificationCenterRxSwift */ = {
			isa = PBXNativeTarget;
			buildConfigurationList = AB01FAC9261D8DF70005C204 /* Build configuration list for PBXNativeTarget "MVVMNotificationCenterRxSwift" */;
			buildPhases = (
				CC31238ACB76BCAFC2921AAA /* [CP] Check Pods Manifest.lock */,
				AB01FAB1261D8DF10005C204 /* Sources */,
				AB01FAB2261D8DF10005C204 /* Frameworks */,
				AB01FAB3261D8DF10005C204 /* Resources */,
				F49C56514CB45C5B19B9A214 /* [CP] Embed Pods Frameworks */,
			);
			buildRules = (
			);
			dependencies = (
			);
			name = MVVMNotificationCenterRxSwift;
			productName = MVVMNotificationCenterRxSwift;
			productReference = AB01FAB5261D8DF10005C204 /* MVVMNotificationCenterRxSwift.app */;
			productType = "com.apple.product-type.application";
		};
/* End PBXNativeTarget section */

/* Begin PBXProject section */
		AB01FAAD261D8DF10005C204 /* Project object */ = {
			isa = PBXProject;
			attributes = {
				LastSwiftUpdateCheck = 1240;
				LastUpgradeCheck = 1240;
				TargetAttributes = {
					AB01FAB4261D8DF10005C204 = {
						CreatedOnToolsVersion = 12.4;
					};
				};
			};
			buildConfigurationList = AB01FAB0261D8DF10005C204 /* Build configuration list for PBXProject "MVVMNotificationCenterRxSwift" */;
			compatibilityVersion = "Xcode 9.3";
			developmentRegion = en;
			hasScannedForEncodings = 0;
			knownRegions = (
				en,
				Base,
			);
			mainGroup = AB01FAAC261D8DF10005C204;
			productRefGroup = AB01FAB6261D8DF10005C204 /* Products */;
			projectDirPath = "";
			projectRoot = "";
			targets = (
				AB01FAB4261D8DF10005C204 /* MVVMNotificationCenterRxSwift */,
			);
		};
/* End PBXProject section */

/* Begin PBXResourcesBuildPhase section */
		AB01FAB3261D8DF10005C204 /* Resources */ = {
			isa = PBXResourcesBuildPhase;
			buildActionMask = 2147483647;
			files = (
				AB01FACF261D95C10005C204 /* Top.storyboard in Resources */,
				AB01FAC5261D8DF70005C204 /* LaunchScreen.storyboard in Resources */,
				AB01FAD9261D96ED0005C204 /* RxSwift.storyboard in Resources */,
				AB01FAC2261D8DF70005C204 /* Assets.xcassets in Resources */,
				AB01FAC0261D8DF10005C204 /* NotificationCenter.storyboard in Resources */,
			);
			runOnlyForDeploymentPostprocessing = 0;
		};
/* End PBXResourcesBuildPhase section */

/* Begin PBXShellScriptBuildPhase section */
		CC31238ACB76BCAFC2921AAA /* [CP] Check Pods Manifest.lock */ = {
			isa = PBXShellScriptBuildPhase;
			buildActionMask = 2147483647;
			files = (
			);
			inputFileListPaths = (
			);
			inputPaths = (
				"${PODS_PODFILE_DIR_PATH}/Podfile.lock",
				"${PODS_ROOT}/Manifest.lock",
			);
			name = "[CP] Check Pods Manifest.lock";
			outputFileListPaths = (
			);
			outputPaths = (
				"$(DERIVED_FILE_DIR)/Pods-MVVMNotificationCenterRxSwift-checkManifestLockResult.txt",
			);
			runOnlyForDeploymentPostprocessing = 0;
			shellPath = /bin/sh;
			shellScript = "diff \"${PODS_PODFILE_DIR_PATH}/Podfile.lock\" \"${PODS_ROOT}/Manifest.lock\" > /dev/null\nif [ $? != 0 ] ; then\n    # print error to STDERR\n    echo \"error: The sandbox is not in sync with the Podfile.lock. Run 'pod install' or update your CocoaPods installation.\" >&2\n    exit 1\nfi\n# This output is used by Xcode 'outputs' to avoid re-running this script phase.\necho \"SUCCESS\" > \"${SCRIPT_OUTPUT_FILE_0}\"\n";
			showEnvVarsInLog = 0;
		};
		F49C56514CB45C5B19B9A214 /* [CP] Embed Pods Frameworks */ = {
			isa = PBXShellScriptBuildPhase;
			buildActionMask = 2147483647;
			files = (
			);
			inputFileListPaths = (
				"${PODS_ROOT}/Target Support Files/Pods-MVVMNotificationCenterRxSwift/Pods-MVVMNotificationCenterRxSwift-frameworks-${CONFIGURATION}-input-files.xcfilelist",
			);
			name = "[CP] Embed Pods Frameworks";
			outputFileListPaths = (
				"${PODS_ROOT}/Target Support Files/Pods-MVVMNotificationCenterRxSwift/Pods-MVVMNotificationCenterRxSwift-frameworks-${CONFIGURATION}-output-files.xcfilelist",
			);
			runOnlyForDeploymentPostprocessing = 0;
			shellPath = /bin/sh;
			shellScript = "\"${PODS_ROOT}/Target Support Files/Pods-MVVMNotificationCenterRxSwift/Pods-MVVMNotificationCenterRxSwift-frameworks.sh\"\n";
			showEnvVarsInLog = 0;
		};
/* End PBXShellScriptBuildPhase section */

/* Begin PBXSourcesBuildPhase section */
		AB01FAB1261D8DF10005C204 /* Sources */ = {
			isa = PBXSourcesBuildPhase;
			buildActionMask = 2147483647;
			files = (
				AB01FAE1261D9B0C0005C204 /* NotificationCenterViewModel.swift in Sources */,
				AB01FAD2261D95DC0005C204 /* TopViewController.swift in Sources */,
				AB01FB3F261EACCA0005C204 /* ModelError.swift in Sources */,
				AB01FABD261D8DF10005C204 /* NotificationCenterViewController.swift in Sources */,
				AB01FB39261EA8E90005C204 /* RxSwiftModel.swift in Sources */,
				AB01FAD5261D96D70005C204 /* RxSwiftViewController.swift in Sources */,
				AB01FB32261EA6580005C204 /* RxSwiftViewModel.swift in Sources */,
				AB01FAE4261D9D610005C204 /* NotificationCenterModel.swift in Sources */,
				AB01FAB9261D8DF10005C204 /* AppDelegate.swift in Sources */,
				AB01FABB261D8DF10005C204 /* SceneDelegate.swift in Sources */,
			);
			runOnlyForDeploymentPostprocessing = 0;
		};
/* End PBXSourcesBuildPhase section */

/* Begin PBXVariantGroup section */
		AB01FABE261D8DF10005C204 /* NotificationCenter.storyboard */ = {
			isa = PBXVariantGroup;
			children = (
				AB01FABF261D8DF10005C204 /* Base */,
			);
			name = NotificationCenter.storyboard;
			sourceTree = "<group>";
		};
		AB01FAC3261D8DF70005C204 /* LaunchScreen.storyboard */ = {
			isa = PBXVariantGroup;
			children = (
				AB01FAC4261D8DF70005C204 /* Base */,
			);
			name = LaunchScreen.storyboard;
			sourceTree = "<group>";
		};
/* End PBXVariantGroup section */

/* Begin XCBuildConfiguration section */
		AB01FAC7261D8DF70005C204 /* Debug */ = {
			isa = XCBuildConfiguration;
			buildSettings = {
				ALWAYS_SEARCH_USER_PATHS = NO;
				CLANG_ANALYZER_NONNULL = YES;
				CLANG_ANALYZER_NUMBER_OBJECT_CONVERSION = YES_AGGRESSIVE;
				CLANG_CXX_LANGUAGE_STANDARD = "gnu++14";
				CLANG_CXX_LIBRARY = "libc++";
				CLANG_ENABLE_MODULES = YES;
				CLANG_ENABLE_OBJC_ARC = YES;
				CLANG_ENABLE_OBJC_WEAK = YES;
				CLANG_WARN_BLOCK_CAPTURE_AUTORELEASING = YES;
				CLANG_WARN_BOOL_CONVERSION = YES;
				CLANG_WARN_COMMA = YES;
				CLANG_WARN_CONSTANT_CONVERSION = YES;
				CLANG_WARN_DEPRECATED_OBJC_IMPLEMENTATIONS = YES;
				CLANG_WARN_DIRECT_OBJC_ISA_USAGE = YES_ERROR;
				CLANG_WARN_DOCUMENTATION_COMMENTS = YES;
				CLANG_WARN_EMPTY_BODY = YES;
				CLANG_WARN_ENUM_CONVERSION = YES;
				CLANG_WARN_INFINITE_RECURSION = YES;
				CLANG_WARN_INT_CONVERSION = YES;
				CLANG_WARN_NON_LITERAL_NULL_CONVERSION = YES;
				CLANG_WARN_OBJC_IMPLICIT_RETAIN_SELF = YES;
				CLANG_WARN_OBJC_LITERAL_CONVERSION = YES;
				CLANG_WARN_OBJC_ROOT_CLASS = YES_ERROR;
				CLANG_WARN_QUOTED_INCLUDE_IN_FRAMEWORK_HEADER = YES;
				CLANG_WARN_RANGE_LOOP_ANALYSIS = YES;
				CLANG_WARN_STRICT_PROTOTYPES = YES;
				CLANG_WARN_SUSPICIOUS_MOVE = YES;
				CLANG_WARN_UNGUARDED_AVAILABILITY = YES_AGGRESSIVE;
				CLANG_WARN_UNREACHABLE_CODE = YES;
				CLANG_WARN__DUPLICATE_METHOD_MATCH = YES;
				COPY_PHASE_STRIP = NO;
				DEBUG_INFORMATION_FORMAT = dwarf;
				ENABLE_STRICT_OBJC_MSGSEND = YES;
				ENABLE_TESTABILITY = YES;
				GCC_C_LANGUAGE_STANDARD = gnu11;
				GCC_DYNAMIC_NO_PIC = NO;
				GCC_NO_COMMON_BLOCKS = YES;
				GCC_OPTIMIZATION_LEVEL = 0;
				GCC_PREPROCESSOR_DEFINITIONS = (
					"DEBUG=1",
					"$(inherited)",
				);
				GCC_WARN_64_TO_32_BIT_CONVERSION = YES;
				GCC_WARN_ABOUT_RETURN_TYPE = YES_ERROR;
				GCC_WARN_UNDECLARED_SELECTOR = YES;
				GCC_WARN_UNINITIALIZED_AUTOS = YES_AGGRESSIVE;
				GCC_WARN_UNUSED_FUNCTION = YES;
				GCC_WARN_UNUSED_VARIABLE = YES;
				IPHONEOS_DEPLOYMENT_TARGET = 14.4;
				MTL_ENABLE_DEBUG_INFO = INCLUDE_SOURCE;
				MTL_FAST_MATH = YES;
				ONLY_ACTIVE_ARCH = YES;
				SDKROOT = iphoneos;
				SWIFT_ACTIVE_COMPILATION_CONDITIONS = DEBUG;
				SWIFT_OPTIMIZATION_LEVEL = "-Onone";
			};
			name = Debug;
		};
		AB01FAC8261D8DF70005C204 /* Release */ = {
			isa = XCBuildConfiguration;
			buildSettings = {
				ALWAYS_SEARCH_USER_PATHS = NO;
				CLANG_ANALYZER_NONNULL = YES;
				CLANG_ANALYZER_NUMBER_OBJECT_CONVERSION = YES_AGGRESSIVE;
				CLANG_CXX_LANGUAGE_STANDARD = "gnu++14";
				CLANG_CXX_LIBRARY = "libc++";
				CLANG_ENABLE_MODULES = YES;
				CLANG_ENABLE_OBJC_ARC = YES;
				CLANG_ENABLE_OBJC_WEAK = YES;
				CLANG_WARN_BLOCK_CAPTURE_AUTORELEASING = YES;
				CLANG_WARN_BOOL_CONVERSION = YES;
				CLANG_WARN_COMMA = YES;
				CLANG_WARN_CONSTANT_CONVERSION = YES;
				CLANG_WARN_DEPRECATED_OBJC_IMPLEMENTATIONS = YES;
				CLANG_WARN_DIRECT_OBJC_ISA_USAGE = YES_ERROR;
				CLANG_WARN_DOCUMENTATION_COMMENTS = YES;
				CLANG_WARN_EMPTY_BODY = YES;
				CLANG_WARN_ENUM_CONVERSION = YES;
				CLANG_WARN_INFINITE_RECURSION = YES;
				CLANG_WARN_INT_CONVERSION = YES;
				CLANG_WARN_NON_LITERAL_NULL_CONVERSION = YES;
				CLANG_WARN_OBJC_IMPLICIT_RETAIN_SELF = YES;
				CLANG_WARN_OBJC_LITERAL_CONVERSION = YES;
				CLANG_WARN_OBJC_ROOT_CLASS = YES_ERROR;
				CLANG_WARN_QUOTED_INCLUDE_IN_FRAMEWORK_HEADER = YES;
				CLANG_WARN_RANGE_LOOP_ANALYSIS = YES;
				CLANG_WARN_STRICT_PROTOTYPES = YES;
				CLANG_WARN_SUSPICIOUS_MOVE = YES;
				CLANG_WARN_UNGUARDED_AVAILABILITY = YES_AGGRESSIVE;
				CLANG_WARN_UNREACHABLE_CODE = YES;
				CLANG_WARN__DUPLICATE_METHOD_MATCH = YES;
				COPY_PHASE_STRIP = NO;
				DEBUG_INFORMATION_FORMAT = "dwarf-with-dsym";
				ENABLE_NS_ASSERTIONS = NO;
				ENABLE_STRICT_OBJC_MSGSEND = YES;
				GCC_C_LANGUAGE_STANDARD = gnu11;
				GCC_NO_COMMON_BLOCKS = YES;
				GCC_WARN_64_TO_32_BIT_CONVERSION = YES;
				GCC_WARN_ABOUT_RETURN_TYPE = YES_ERROR;
				GCC_WARN_UNDECLARED_SELECTOR = YES;
				GCC_WARN_UNINITIALIZED_AUTOS = YES_AGGRESSIVE;
				GCC_WARN_UNUSED_FUNCTION = YES;
				GCC_WARN_UNUSED_VARIABLE = YES;
				IPHONEOS_DEPLOYMENT_TARGET = 14.4;
				MTL_ENABLE_DEBUG_INFO = NO;
				MTL_FAST_MATH = YES;
				SDKROOT = iphoneos;
				SWIFT_COMPILATION_MODE = wholemodule;
				SWIFT_OPTIMIZATION_LEVEL = "-O";
				VALIDATE_PRODUCT = YES;
			};
			name = Release;
		};
		AB01FACA261D8DF70005C204 /* Debug */ = {
			isa = XCBuildConfiguration;
			baseConfigurationReference = DA611DA972F5A5671011B512 /* Pods-MVVMNotificationCenterRxSwift.debug.xcconfig */;
			buildSettings = {
				ASSETCATALOG_COMPILER_APPICON_NAME = AppIcon;
				ASSETCATALOG_COMPILER_GLOBAL_ACCENT_COLOR_NAME = AccentColor;
				CODE_SIGN_STYLE = Automatic;
				INFOPLIST_FILE = MVVMNotificationCenterRxSwift/Info.plist;
				LD_RUNPATH_SEARCH_PATHS = (
					"$(inherited)",
					"@executable_path/Frameworks",
				);
				PRODUCT_BUNDLE_IDENTIFIER = oonishireon.MVVMNotificationCenterRxSwift;
				PRODUCT_NAME = "$(TARGET_NAME)";
				SWIFT_VERSION = 5.0;
				TARGETED_DEVICE_FAMILY = 1;
			};
			name = Debug;
		};
		AB01FACB261D8DF70005C204 /* Release */ = {
			isa = XCBuildConfiguration;
			baseConfigurationReference = A3A786E7D78C40F05F444995 /* Pods-MVVMNotificationCenterRxSwift.release.xcconfig */;
			buildSettings = {
				ASSETCATALOG_COMPILER_APPICON_NAME = AppIcon;
				ASSETCATALOG_COMPILER_GLOBAL_ACCENT_COLOR_NAME = AccentColor;
				CODE_SIGN_STYLE = Automatic;
				INFOPLIST_FILE = MVVMNotificationCenterRxSwift/Info.plist;
				LD_RUNPATH_SEARCH_PATHS = (
					"$(inherited)",
					"@executable_path/Frameworks",
				);
				PRODUCT_BUNDLE_IDENTIFIER = oonishireon.MVVMNotificationCenterRxSwift;
				PRODUCT_NAME = "$(TARGET_NAME)";
				SWIFT_VERSION = 5.0;
				TARGETED_DEVICE_FAMILY = 1;
			};
			name = Release;
		};
/* End XCBuildConfiguration section */

/* Begin XCConfigurationList section */
		AB01FAB0261D8DF10005C204 /* Build configuration list for PBXProject "MVVMNotificationCenterRxSwift" */ = {
			isa = XCConfigurationList;
			buildConfigurations = (
				AB01FAC7261D8DF70005C204 /* Debug */,
				AB01FAC8261D8DF70005C204 /* Release */,
			);
			defaultConfigurationIsVisible = 0;
			defaultConfigurationName = Release;
		};
		AB01FAC9261D8DF70005C204 /* Build configuration list for PBXNativeTarget "MVVMNotificationCenterRxSwift" */ = {
			isa = XCConfigurationList;
			buildConfigurations = (
				AB01FACA261D8DF70005C204 /* Debug */,
				AB01FACB261D8DF70005C204 /* Release */,
			);
			defaultConfigurationIsVisible = 0;
			defaultConfigurationName = Release;
		};
/* End XCConfigurationList section */
	};
	rootObject = AB01FAAD261D8DF10005C204 /* Project object */;
}
